
Microsoft Visual Studio Solution File, Format Version 12.00
# Visual Studio Version 17
VisualStudioVersion = 17.4.33213.308
MinimumVisualStudioVersion = 10.0.40219.1
Project("{FAE04EC0-301F-11D3-BF4B-00C04F79EFBC}") = "Xebia.Project.DataAccessLayer", "Xebia.Project.DataAccessLayer\Xebia.Project.DataAccessLayer.csproj", "{BA684ACA-FF62-419C-AE9A-E7FE7B353DB7}"
EndProject
Project("{FAE04EC0-301F-11D3-BF4B-00C04F79EFBC}") = "SOTI.Project.WebAPI", "SOTI.Project.WebAPI\SOTI.Project.WebAPI.csproj", "{3D117CA6-8FD0-4760-9D9D-6A7E1412FD3D}"
EndProject
Global
	GlobalSection(SolutionConfigurationPlatforms) = preSolution
		Debug|Any CPU = Debug|Any CPU
		Release|Any CPU = Release|Any CPU
	EndGlobalSection
	GlobalSection(ProjectConfigurationPlatforms) = postSolution
		{BA684ACA-FF62-419C-AE9A-E7FE7B353DB7}.Debug|Any CPU.ActiveCfg = Debug|Any CPU
		{BA684ACA-FF62-419C-AE9A-E7FE7B353DB7}.Debug|Any CPU.Build.0 = Debug|Any CPU
		{BA684ACA-FF62-419C-AE9A-E7FE7B353DB7}.Release|Any CPU.ActiveCfg = Release|Any CPU
		{BA684ACA-FF62-419C-AE9A-E7FE7B353DB7}.Release|Any CPU.Build.0 = Release|Any CPU
		{3D117CA6-8FD0-4760-9D9D-6A7E1412FD3D}.Debug|Any CPU.ActiveCfg = Debug|Any CPU
		{3D117CA6-8FD0-4760-9D9D-6A7E1412FD3D}.Debug|Any CPU.Build.0 = Debug|Any CPU
		{3D117CA6-8FD0-4760-9D9D-6A7E1412FD3D}.Release|Any CPU.ActiveCfg = Release|Any CPU
		{3D117CA6-8FD0-4760-9D9D-6A7E1412FD3D}.Release|Any CPU.Build.0 = Release|Any CPU
	EndGlobalSection
	GlobalSection(SolutionProperties) = preSolution
		HideSolutionNode = FALSE
	EndGlobalSection
	GlobalSection(ExtensibilityGlobals) = postSolution
		SolutionGuid = {194DBBD7-6106-4697-99C6-3622ECCB5F80}
	EndGlobalSection
EndGlobal
